{
  "name": "energenie-ener314rt",
  "version": "0.7.2",
  "lockfileVersion": 2,
  "requires": true,
  "packages": {
    "": {
      "name": "energenie-ener314rt",
      "version": "0.7.2",
      "hasInstallScript": true,
      "license": "MIT",
      "engines": {
        "node": ">=10.0.0"
      }
    }
  }
}
